
Microsoft Visual Studio Solution File, Format Version 12.00
# Visual Studio Version 17
VisualStudioVersion = 17.9.34902.65
MinimumVisualStudioVersion = 10.0.40219.1
Project("{FAE04EC0-301F-11D3-BF4B-00C04F79EFBC}") = "Treinamento8_0", "Treinamento8_0.csproj", "{E75BD320-5378-4C3D-A8E8-9292D64247DF}"
EndProject
Global
	GlobalSection(SolutionConfigurationPlatforms) = preSolution
		Debug|Any CPU = Debug|Any CPU
		Release|Any CPU = Release|Any CPU
	EndGlobalSection
	GlobalSection(ProjectConfigurationPlatforms) = postSolution
		{E75BD320-5378-4C3D-A8E8-9292D64247DF}.Debug|Any CPU.ActiveCfg = Debug|Any CPU
		{E75BD320-5378-4C3D-A8E8-9292D64247DF}.Debug|Any CPU.Build.0 = Debug|Any CPU
		{E75BD320-5378-4C3D-A8E8-9292D64247DF}.Release|Any CPU.ActiveCfg = Release|Any CPU
		{E75BD320-5378-4C3D-A8E8-9292D64247DF}.Release|Any CPU.Build.0 = Release|Any CPU
	EndGlobalSection
	GlobalSection(SolutionProperties) = preSolution
		HideSolutionNode = FALSE
	EndGlobalSection
	GlobalSection(ExtensibilityGlobals) = postSolution
		SolutionGuid = {0D4E9DC4-34EE-41E7-AED2-493C446DF09D}
	EndGlobalSection
EndGlobal
